
Microsoft Visual Studio Solution File, Format Version 12.00
# Visual Studio 15
VisualStudioVersion = 15.0.26730.10
MinimumVisualStudioVersion = 10.0.40219.1
Project("{FAE04EC0-301F-11D3-BF4B-00C04F79EFBC}") = "ListAluno", "ListAluno\ListAluno.csproj", "{69B530FD-CF97-441F-9DD6-67A190E55A82}"
EndProject
Global
	GlobalSection(SolutionConfigurationPlatforms) = preSolution
		Debug|Any CPU = Debug|Any CPU
		Release|Any CPU = Release|Any CPU
	EndGlobalSection
	GlobalSection(ProjectConfigurationPlatforms) = postSolution
		{69B530FD-CF97-441F-9DD6-67A190E55A82}.Debug|Any CPU.ActiveCfg = Debug|Any CPU
		{69B530FD-CF97-441F-9DD6-67A190E55A82}.Debug|Any CPU.Build.0 = Debug|Any CPU
		{69B530FD-CF97-441F-9DD6-67A190E55A82}.Release|Any CPU.ActiveCfg = Release|Any CPU
		{69B530FD-CF97-441F-9DD6-67A190E55A82}.Release|Any CPU.Build.0 = Release|Any CPU
	EndGlobalSection
	GlobalSection(SolutionProperties) = preSolution
		HideSolutionNode = FALSE
	EndGlobalSection
	GlobalSection(ExtensibilityGlobals) = postSolution
		SolutionGuid = {C2B06B58-8DFB-4221-A7FA-0D90C8CD87C2}
	EndGlobalSection
EndGlobal
